
Microsoft Visual Studio Solution File, Format Version 12.00
# Visual Studio Version 17
VisualStudioVersion = 17.3.32819.101
MinimumVisualStudioVersion = 10.0.40219.1
Project("{FAE04EC0-301F-11D3-BF4B-00C04F79EFBC}") = "AmsiTrigger", "AmsiTrigger\AmsiTrigger.csproj", "{8BAAEFF6-1840-4430-AA05-47F2877E3235}"
EndProject
Global
	GlobalSection(SolutionConfigurationPlatforms) = preSolution
		Debug|Any CPU = Debug|Any CPU
		Debug|x64 = Debug|x64
		Release|Any CPU = Release|Any CPU
		Release|x64 = Release|x64
	EndGlobalSection
	GlobalSection(ProjectConfigurationPlatforms) = postSolution
		{8BAAEFF6-1840-4430-AA05-47F2877E3235}.Debug|Any CPU.ActiveCfg = Debug|Any CPU
		{8BAAEFF6-1840-4430-AA05-47F2877E3235}.Debug|Any CPU.Build.0 = Debug|Any CPU
		{8BAAEFF6-1840-4430-AA05-47F2877E3235}.Debug|x64.ActiveCfg = Debug|x64
		{8BAAEFF6-1840-4430-AA05-47F2877E3235}.Debug|x64.Build.0 = Debug|x64
		{8BAAEFF6-1840-4430-AA05-47F2877E3235}.Release|Any CPU.ActiveCfg = Release|Any CPU
		{8BAAEFF6-1840-4430-AA05-47F2877E3235}.Release|Any CPU.Build.0 = Release|Any CPU
		{8BAAEFF6-1840-4430-AA05-47F2877E3235}.Release|x64.ActiveCfg = Release|x64
		{8BAAEFF6-1840-4430-AA05-47F2877E3235}.Release|x64.Build.0 = Release|x64
	EndGlobalSection
	GlobalSection(SolutionProperties) = preSolution
		HideSolutionNode = FALSE
	EndGlobalSection
	GlobalSection(ExtensibilityGlobals) = postSolution
		SolutionGuid = {D2BE08C9-EAC0-4B7C-AB68-5FCBDE4EE373}
	EndGlobalSection
EndGlobal
