
Microsoft Visual Studio Solution File, Format Version 12.00
# Visual Studio Version 17
VisualStudioVersion = 17.3.32819.101
MinimumVisualStudioVersion = 10.0.40219.1
Project("{FAE04EC0-301F-11D3-BF4B-00C04F79EFBC}") = "Process Injection ShellCode", "Process Injection ShellCode.csproj", "{4452018F-D095-4A59-924D-1B2729F01C45}"
EndProject
Global
	GlobalSection(SolutionConfigurationPlatforms) = preSolution
		Debug|Any CPU = Debug|Any CPU
		Release|Any CPU = Release|Any CPU
	EndGlobalSection
	GlobalSection(ProjectConfigurationPlatforms) = postSolution
		{4452018F-D095-4A59-924D-1B2729F01C45}.Debug|Any CPU.ActiveCfg = Debug|Any CPU
		{4452018F-D095-4A59-924D-1B2729F01C45}.Debug|Any CPU.Build.0 = Debug|Any CPU
		{4452018F-D095-4A59-924D-1B2729F01C45}.Release|Any CPU.ActiveCfg = Release|Any CPU
		{4452018F-D095-4A59-924D-1B2729F01C45}.Release|Any CPU.Build.0 = Release|Any CPU
	EndGlobalSection
	GlobalSection(SolutionProperties) = preSolution
		HideSolutionNode = FALSE
	EndGlobalSection
	GlobalSection(ExtensibilityGlobals) = postSolution
		SolutionGuid = {11FA7C39-E4DA-46E0-8D6C-05743670B47F}
	EndGlobalSection
EndGlobal
